
Microsoft Visual Studio Solution File, Format Version 12.00
# Visual Studio 15
VisualStudioVersion = 15.0.28307.271
MinimumVisualStudioVersion = 10.0.40219.1
Project("{FAE04EC0-301F-11D3-BF4B-00C04F79EFBC}") = "DeclaringConstants", "DeclaringConstants\DeclaringConstants.csproj", "{7E1E0FC5-BBDE-4272-A4F1-9B9E80FCE957}"
EndProject
Global
	GlobalSection(SolutionConfigurationPlatforms) = preSolution
		Debug|Any CPU = Debug|Any CPU
		Release|Any CPU = Release|Any CPU
	EndGlobalSection
	GlobalSection(ProjectConfigurationPlatforms) = postSolution
		{7E1E0FC5-BBDE-4272-A4F1-9B9E80FCE957}.Debug|Any CPU.ActiveCfg = Debug|Any CPU
		{7E1E0FC5-BBDE-4272-A4F1-9B9E80FCE957}.Debug|Any CPU.Build.0 = Debug|Any CPU
		{7E1E0FC5-BBDE-4272-A4F1-9B9E80FCE957}.Release|Any CPU.ActiveCfg = Release|Any CPU
		{7E1E0FC5-BBDE-4272-A4F1-9B9E80FCE957}.Release|Any CPU.Build.0 = Release|Any CPU
	EndGlobalSection
	GlobalSection(SolutionProperties) = preSolution
		HideSolutionNode = FALSE
	EndGlobalSection
	GlobalSection(ExtensibilityGlobals) = postSolution
		SolutionGuid = {99764377-57F7-4E54-974D-EEEE83BFF2F3}
	EndGlobalSection
EndGlobal
